// !$*UTF8*$!
{
	archiveVersion = 1;
	classes = {
	};
	objectVersion = 56;
	objects = {

/* Begin PBXBuildFile section */
		21E9EF412C2E57F100080B41 /* HikeAppApp.swift in Sources */ = {isa = PBXBuildFile; fileRef = 21E9EF402C2E57F100080B41 /* HikeAppApp.swift */; };
		21E9EF432C2E57F100080B41 /* ContentView.swift in Sources */ = {isa = PBXBuildFile; fileRef = 21E9EF422C2E57F100080B41 /* ContentView.swift */; };
		21E9EF452C2E57F200080B41 /* Assets.xcassets in Resources */ = {isa = PBXBuildFile; fileRef = 21E9EF442C2E57F200080B41 /* Assets.xcassets */; };
		21E9EF482C2E57F200080B41 /* Preview Assets.xcassets in Resources */ = {isa = PBXBuildFile; fileRef = 21E9EF472C2E57F200080B41 /* Preview Assets.xcassets */; };
		21E9EF552C2E63F900080B41 /* SettingsView.swift in Sources */ = {isa = PBXBuildFile; fileRef = 21E9EF542C2E63F900080B41 /* SettingsView.swift */; };
		21E9EF572C2E654100080B41 /* BackgroundView.swift in Sources */ = {isa = PBXBuildFile; fileRef = 21E9EF562C2E654100080B41 /* BackgroundView.swift */; };
		21E9EF592C2E65C400080B41 /* ForegroundView.swift in Sources */ = {isa = PBXBuildFile; fileRef = 21E9EF582C2E65C400080B41 /* ForegroundView.swift */; };
		21E9EF5B2C2E65F600080B41 /* CircleView.swift in Sources */ = {isa = PBXBuildFile; fileRef = 21E9EF5A2C2E65F600080B41 /* CircleView.swift */; };
		21E9EF5D2C2E677600080B41 /* CardView.swift in Sources */ = {isa = PBXBuildFile; fileRef = 21E9EF5C2C2E677600080B41 /* CardView.swift */; };
		21E9EF5F2C2E76FE00080B41 /* HeaderButtonView.swift in Sources */ = {isa = PBXBuildFile; fileRef = 21E9EF5E2C2E76FE00080B41 /* HeaderButtonView.swift */; };
		21E9EF622C2E7A6600080B41 /* GradientButtonStyle.swift in Sources */ = {isa = PBXBuildFile; fileRef = 21E9EF612C2E7A6600080B41 /* GradientButtonStyle.swift */; };
		21E9EF642C2E81D900080B41 /* MotionAnimationView.swift in Sources */ = {isa = PBXBuildFile; fileRef = 21E9EF632C2E81D900080B41 /* MotionAnimationView.swift */; };
		21E9EF662C2E8FCA00080B41 /* CustomListRowView.swift in Sources */ = {isa = PBXBuildFile; fileRef = 21E9EF652C2E8FCA00080B41 /* CustomListRowView.swift */; };
/* End PBXBuildFile section */

/* Begin PBXFileReference section */
		21E9EF3D2C2E57F000080B41 /* HikeApp.app */ = {isa = PBXFileReference; explicitFileType = wrapper.application; includeInIndex = 0; path = HikeApp.app; sourceTree = BUILT_PRODUCTS_DIR; };
		21E9EF402C2E57F100080B41 /* HikeAppApp.swift */ = {isa = PBXFileReference; lastKnownFileType = sourcecode.swift; path = HikeAppApp.swift; sourceTree = "<group>"; };
		21E9EF422C2E57F100080B41 /* ContentView.swift */ = {isa = PBXFileReference; lastKnownFileType = sourcecode.swift; path = ContentView.swift; sourceTree = "<group>"; };
		21E9EF442C2E57F200080B41 /* Assets.xcassets */ = {isa = PBXFileReference; lastKnownFileType = folder.assetcatalog; path = Assets.xcassets; sourceTree = "<group>"; };
		21E9EF472C2E57F200080B41 /* Preview Assets.xcassets */ = {isa = PBXFileReference; lastKnownFileType = folder.assetcatalog; path = "Preview Assets.xcassets"; sourceTree = "<group>"; };
		21E9EF542C2E63F900080B41 /* SettingsView.swift */ = {isa = PBXFileReference; lastKnownFileType = sourcecode.swift; path = SettingsView.swift; sourceTree = "<group>"; };
		21E9EF562C2E654100080B41 /* BackgroundView.swift */ = {isa = PBXFileReference; lastKnownFileType = sourcecode.swift; path = BackgroundView.swift; sourceTree = "<group>"; };
		21E9EF582C2E65C400080B41 /* ForegroundView.swift */ = {isa = PBXFileReference; lastKnownFileType = sourcecode.swift; path = ForegroundView.swift; sourceTree = "<group>"; };
		21E9EF5A2C2E65F600080B41 /* CircleView.swift */ = {isa = PBXFileReference; lastKnownFileType = sourcecode.swift; path = CircleView.swift; sourceTree = "<group>"; };
		21E9EF5C2C2E677600080B41 /* CardView.swift */ = {isa = PBXFileReference; lastKnownFileType = sourcecode.swift; path = CardView.swift; sourceTree = "<group>"; };
		21E9EF5E2C2E76FE00080B41 /* HeaderButtonView.swift */ = {isa = PBXFileReference; lastKnownFileType = sourcecode.swift; path = HeaderButtonView.swift; sourceTree = "<group>"; };
		21E9EF612C2E7A6600080B41 /* GradientButtonStyle.swift */ = {isa = PBXFileReference; lastKnownFileType = sourcecode.swift; path = GradientButtonStyle.swift; sourceTree = "<group>"; };
		21E9EF632C2E81D900080B41 /* MotionAnimationView.swift */ = {isa = PBXFileReference; lastKnownFileType = sourcecode.swift; path = MotionAnimationView.swift; sourceTree = "<group>"; };
		21E9EF652C2E8FCA00080B41 /* CustomListRowView.swift */ = {isa = PBXFileReference; lastKnownFileType = sourcecode.swift; path = CustomListRowView.swift; sourceTree = "<group>"; };
/* End PBXFileReference section */

/* Begin PBXFrameworksBuildPhase section */
		21E9EF3A2C2E57F000080B41 /* Frameworks */ = {
			isa = PBXFrameworksBuildPhase;
			buildActionMask = 2147483647;
			files = (
			);
			runOnlyForDeploymentPostprocessing = 0;
		};
/* End PBXFrameworksBuildPhase section */

/* Begin PBXGroup section */
		21E9EF342C2E57F000080B41 = {
			isa = PBXGroup;
			children = (
				21E9EF3F2C2E57F000080B41 /* HikeApp */,
				21E9EF3E2C2E57F000080B41 /* Products */,
			);
			sourceTree = "<group>";
		};
		21E9EF3E2C2E57F000080B41 /* Products */ = {
			isa = PBXGroup;
			children = (
				21E9EF3D2C2E57F000080B41 /* HikeApp.app */,
			);
			name = Products;
			sourceTree = "<group>";
		};
		21E9EF3F2C2E57F000080B41 /* HikeApp */ = {
			isa = PBXGroup;
			children = (
				21E9EF602C2E7A5900080B41 /* ButtonStyle */,
				21E9EF502C2E63B900080B41 /* App */,
				21E9EF442C2E57F200080B41 /* Assets.xcassets */,
				21E9EF4E2C2E63AA00080B41 /* Components */,
				21E9EF512C2E63C400080B41 /* Core */,
				21E9EF462C2E57F200080B41 /* Preview Content */,
			);
			path = HikeApp;
			sourceTree = "<group>";
		};
		21E9EF462C2E57F200080B41 /* Preview Content */ = {
			isa = PBXGroup;
			children = (
				21E9EF472C2E57F200080B41 /* Preview Assets.xcassets */,
			);
			path = "Preview Content";
			sourceTree = "<group>";
		};
		21E9EF4E2C2E63AA00080B41 /* Components */ = {
			isa = PBXGroup;
			children = (
				21E9EF562C2E654100080B41 /* BackgroundView.swift */,
				21E9EF582C2E65C400080B41 /* ForegroundView.swift */,
				21E9EF5A2C2E65F600080B41 /* CircleView.swift */,
				21E9EF5C2C2E677600080B41 /* CardView.swift */,
				21E9EF5E2C2E76FE00080B41 /* HeaderButtonView.swift */,
				21E9EF632C2E81D900080B41 /* MotionAnimationView.swift */,
				21E9EF652C2E8FCA00080B41 /* CustomListRowView.swift */,
			);
			path = Components;
			sourceTree = "<group>";
		};
		21E9EF502C2E63B900080B41 /* App */ = {
			isa = PBXGroup;
			children = (
				21E9EF402C2E57F100080B41 /* HikeAppApp.swift */,
			);
			path = App;
			sourceTree = "<group>";
		};
		21E9EF512C2E63C400080B41 /* Core */ = {
			isa = PBXGroup;
			children = (
				21E9EF532C2E63D100080B41 /* Settings */,
				21E9EF522C2E63CB00080B41 /* Root */,
			);
			path = Core;
			sourceTree = "<group>";
		};
		21E9EF522C2E63CB00080B41 /* Root */ = {
			isa = PBXGroup;
			children = (
				21E9EF422C2E57F100080B41 /* ContentView.swift */,
			);
			path = Root;
			sourceTree = "<group>";
		};
		21E9EF532C2E63D100080B41 /* Settings */ = {
			isa = PBXGroup;
			children = (
				21E9EF542C2E63F900080B41 /* SettingsView.swift */,
			);
			path = Settings;
			sourceTree = "<group>";
		};
		21E9EF602C2E7A5900080B41 /* ButtonStyle */ = {
			isa = PBXGroup;
			children = (
				21E9EF612C2E7A6600080B41 /* GradientButtonStyle.swift */,
			);
			path = ButtonStyle;
			sourceTree = "<group>";
		};
/* End PBXGroup section */

/* Begin PBXNativeTarget section */
		21E9EF3C2C2E57F000080B41 /* HikeApp */ = {
			isa = PBXNativeTarget;
			buildConfigurationList = 21E9EF4B2C2E57F200080B41 /* Build configuration list for PBXNativeTarget "HikeApp" */;
			buildPhases = (
				21E9EF392C2E57F000080B41 /* Sources */,
				21E9EF3A2C2E57F000080B41 /* Frameworks */,
				21E9EF3B2C2E57F000080B41 /* Resources */,
			);
			buildRules = (
			);
			dependencies = (
			);
			name = HikeApp;
			productName = HikeApp;
			productReference = 21E9EF3D2C2E57F000080B41 /* HikeApp.app */;
			productType = "com.apple.product-type.application";
		};
/* End PBXNativeTarget section */

/* Begin PBXProject section */
		21E9EF352C2E57F000080B41 /* Project object */ = {
			isa = PBXProject;
			attributes = {
				BuildIndependentTargetsInParallel = 1;
				LastSwiftUpdateCheck = 1540;
				LastUpgradeCheck = 1540;
				TargetAttributes = {
					21E9EF3C2C2E57F000080B41 = {
						CreatedOnToolsVersion = 15.4;
					};
				};
			};
			buildConfigurationList = 21E9EF382C2E57F000080B41 /* Build configuration list for PBXProject "HikeApp" */;
			compatibilityVersion = "Xcode 14.0";
			developmentRegion = en;
			hasScannedForEncodings = 0;
			knownRegions = (
				en,
				Base,
			);
			mainGroup = 21E9EF342C2E57F000080B41;
			productRefGroup = 21E9EF3E2C2E57F000080B41 /* Products */;
			projectDirPath = "";
			projectRoot = "";
			targets = (
				21E9EF3C2C2E57F000080B41 /* HikeApp */,
			);
		};
/* End PBXProject section */

/* Begin PBXResourcesBuildPhase section */
		21E9EF3B2C2E57F000080B41 /* Resources */ = {
			isa = PBXResourcesBuildPhase;
			buildActionMask = 2147483647;
			files = (
				21E9EF482C2E57F200080B41 /* Preview Assets.xcassets in Resources */,
				21E9EF452C2E57F200080B41 /* Assets.xcassets in Resources */,
			);
			runOnlyForDeploymentPostprocessing = 0;
		};
/* End PBXResourcesBuildPhase section */

/* Begin PBXSourcesBuildPhase section */
		21E9EF392C2E57F000080B41 /* Sources */ = {
			isa = PBXSourcesBuildPhase;
			buildActionMask = 2147483647;
			files = (
				21E9EF622C2E7A6600080B41 /* GradientButtonStyle.swift in Sources */,
				21E9EF5D2C2E677600080B41 /* CardView.swift in Sources */,
				21E9EF662C2E8FCA00080B41 /* CustomListRowView.swift in Sources */,
				21E9EF5F2C2E76FE00080B41 /* HeaderButtonView.swift in Sources */,
				21E9EF5B2C2E65F600080B41 /* CircleView.swift in Sources */,
				21E9EF592C2E65C400080B41 /* ForegroundView.swift in Sources */,
				21E9EF552C2E63F900080B41 /* SettingsView.swift in Sources */,
				21E9EF432C2E57F100080B41 /* ContentView.swift in Sources */,
				21E9EF572C2E654100080B41 /* BackgroundView.swift in Sources */,
				21E9EF412C2E57F100080B41 /* HikeAppApp.swift in Sources */,
				21E9EF642C2E81D900080B41 /* MotionAnimationView.swift in Sources */,
			);
			runOnlyForDeploymentPostprocessing = 0;
		};
/* End PBXSourcesBuildPhase section */

/* Begin XCBuildConfiguration section */
		21E9EF492C2E57F200080B41 /* Debug */ = {
			isa = XCBuildConfiguration;
			buildSettings = {
				ALWAYS_SEARCH_USER_PATHS = NO;
				ASSETCATALOG_COMPILER_GENERATE_SWIFT_ASSET_SYMBOL_EXTENSIONS = YES;
				CLANG_ANALYZER_NONNULL = YES;
				CLANG_ANALYZER_NUMBER_OBJECT_CONVERSION = YES_AGGRESSIVE;
				CLANG_CXX_LANGUAGE_STANDARD = "gnu++20";
				CLANG_ENABLE_MODULES = YES;
				CLANG_ENABLE_OBJC_ARC = YES;
				CLANG_ENABLE_OBJC_WEAK = YES;
				CLANG_WARN_BLOCK_CAPTURE_AUTORELEASING = YES;
				CLANG_WARN_BOOL_CONVERSION = YES;
				CLANG_WARN_COMMA = YES;
				CLANG_WARN_CONSTANT_CONVERSION = YES;
				CLANG_WARN_DEPRECATED_OBJC_IMPLEMENTATIONS = YES;
				CLANG_WARN_DIRECT_OBJC_ISA_USAGE = YES_ERROR;
				CLANG_WARN_DOCUMENTATION_COMMENTS = YES;
				CLANG_WARN_EMPTY_BODY = YES;
				CLANG_WARN_ENUM_CONVERSION = YES;
				CLANG_WARN_INFINITE_RECURSION = YES;
				CLANG_WARN_INT_CONVERSION = YES;
				CLANG_WARN_NON_LITERAL_NULL_CONVERSION = YES;
				CLANG_WARN_OBJC_IMPLICIT_RETAIN_SELF = YES;
				CLANG_WARN_OBJC_LITERAL_CONVERSION = YES;
				CLANG_WARN_OBJC_ROOT_CLASS = YES_ERROR;
				CLANG_WARN_QUOTED_INCLUDE_IN_FRAMEWORK_HEADER = YES;
				CLANG_WARN_RANGE_LOOP_ANALYSIS = YES;
				CLANG_WARN_STRICT_PROTOTYPES = YES;
				CLANG_WARN_SUSPICIOUS_MOVE = YES;
				CLANG_WARN_UNGUARDED_AVAILABILITY = YES_AGGRESSIVE;
				CLANG_WARN_UNREACHABLE_CODE = YES;
				CLANG_WARN__DUPLICATE_METHOD_MATCH = YES;
				COPY_PHASE_STRIP = NO;
				DEBUG_INFORMATION_FORMAT = dwarf;
				ENABLE_STRICT_OBJC_MSGSEND = YES;
				ENABLE_TESTABILITY = YES;
				ENABLE_USER_SCRIPT_SANDBOXING = YES;
				GCC_C_LANGUAGE_STANDARD = gnu17;
				GCC_DYNAMIC_NO_PIC = NO;
				GCC_NO_COMMON_BLOCKS = YES;
				GCC_OPTIMIZATION_LEVEL = 0;
				GCC_PREPROCESSOR_DEFINITIONS = (
					"DEBUG=1",
					"$(inherited)",
				);
				GCC_WARN_64_TO_32_BIT_CONVERSION = YES;
				GCC_WARN_ABOUT_RETURN_TYPE = YES_ERROR;
				GCC_WARN_UNDECLARED_SELECTOR = YES;
				GCC_WARN_UNINITIALIZED_AUTOS = YES_AGGRESSIVE;
				GCC_WARN_UNUSED_FUNCTION = YES;
				GCC_WARN_UNUSED_VARIABLE = YES;
				IPHONEOS_DEPLOYMENT_TARGET = 17.5;
				LOCALIZATION_PREFERS_STRING_CATALOGS = YES;
				MTL_ENABLE_DEBUG_INFO = INCLUDE_SOURCE;
				MTL_FAST_MATH = YES;
				ONLY_ACTIVE_ARCH = YES;
				SDKROOT = iphoneos;
				SWIFT_ACTIVE_COMPILATION_CONDITIONS = "DEBUG $(inherited)";
				SWIFT_OPTIMIZATION_LEVEL = "-Onone";
			};
			name = Debug;
		};
		21E9EF4A2C2E57F200080B41 /* Release */ = {
			isa = XCBuildConfiguration;
			buildSettings = {
				ALWAYS_SEARCH_USER_PATHS = NO;
				ASSETCATALOG_COMPILER_GENERATE_SWIFT_ASSET_SYMBOL_EXTENSIONS = YES;
				CLANG_ANALYZER_NONNULL = YES;
				CLANG_ANALYZER_NUMBER_OBJECT_CONVERSION = YES_AGGRESSIVE;
				CLANG_CXX_LANGUAGE_STANDARD = "gnu++20";
				CLANG_ENABLE_MODULES = YES;
				CLANG_ENABLE_OBJC_ARC = YES;
				CLANG_ENABLE_OBJC_WEAK = YES;
				CLANG_WARN_BLOCK_CAPTURE_AUTORELEASING = YES;
				CLANG_WARN_BOOL_CONVERSION = YES;
				CLANG_WARN_COMMA = YES;
				CLANG_WARN_CONSTANT_CONVERSION = YES;
				CLANG_WARN_DEPRECATED_OBJC_IMPLEMENTATIONS = YES;
				CLANG_WARN_DIRECT_OBJC_ISA_USAGE = YES_ERROR;
				CLANG_WARN_DOCUMENTATION_COMMENTS = YES;
				CLANG_WARN_EMPTY_BODY = YES;
				CLANG_WARN_ENUM_CONVERSION = YES;
				CLANG_WARN_INFINITE_RECURSION = YES;
				CLANG_WARN_INT_CONVERSION = YES;
				CLANG_WARN_NON_LITERAL_NULL_CONVERSION = YES;
				CLANG_WARN_OBJC_IMPLICIT_RETAIN_SELF = YES;
				CLANG_WARN_OBJC_LITERAL_CONVERSION = YES;
				CLANG_WARN_OBJC_ROOT_CLASS = YES_ERROR;
				CLANG_WARN_QUOTED_INCLUDE_IN_FRAMEWORK_HEADER = YES;
				CLANG_WARN_RANGE_LOOP_ANALYSIS = YES;
				CLANG_WARN_STRICT_PROTOTYPES = YES;
				CLANG_WARN_SUSPICIOUS_MOVE = YES;
				CLANG_WARN_UNGUARDED_AVAILABILITY = YES_AGGRESSIVE;
				CLANG_WARN_UNREACHABLE_CODE = YES;
				CLANG_WARN__DUPLICATE_METHOD_MATCH = YES;
				COPY_PHASE_STRIP = NO;
				DEBUG_INFORMATION_FORMAT = "dwarf-with-dsym";
				ENABLE_NS_ASSERTIONS = NO;
				ENABLE_STRICT_OBJC_MSGSEND = YES;
				ENABLE_USER_SCRIPT_SANDBOXING = YES;
				GCC_C_LANGUAGE_STANDARD = gnu17;
				GCC_NO_COMMON_BLOCKS = YES;
				GCC_WARN_64_TO_32_BIT_CONVERSION = YES;
				GCC_WARN_ABOUT_RETURN_TYPE = YES_ERROR;
				GCC_WARN_UNDECLARED_SELECTOR = YES;
				GCC_WARN_UNINITIALIZED_AUTOS = YES_AGGRESSIVE;
				GCC_WARN_UNUSED_FUNCTION = YES;
				GCC_WARN_UNUSED_VARIABLE = YES;
				IPHONEOS_DEPLOYMENT_TARGET = 17.5;
				LOCALIZATION_PREFERS_STRING_CATALOGS = YES;
				MTL_ENABLE_DEBUG_INFO = NO;
				MTL_FAST_MATH = YES;
				SDKROOT = iphoneos;
				SWIFT_COMPILATION_MODE = wholemodule;
				VALIDATE_PRODUCT = YES;
			};
			name = Release;
		};
		21E9EF4C2C2E57F200080B41 /* Debug */ = {
			isa = XCBuildConfiguration;
			buildSettings = {
				ASSETCATALOG_COMPILER_APPICON_NAME = AppIcon;
				ASSETCATALOG_COMPILER_GLOBAL_ACCENT_COLOR_NAME = AccentColor;
				CODE_SIGN_STYLE = Automatic;
				CURRENT_PROJECT_VERSION = 1;
				DEVELOPMENT_ASSET_PATHS = "\"HikeApp/Preview Content\"";
				DEVELOPMENT_TEAM = 3FH45K6P9G;
				ENABLE_PREVIEWS = YES;
				GENERATE_INFOPLIST_FILE = YES;
				INFOPLIST_KEY_UIApplicationSceneManifest_Generation = YES;
				INFOPLIST_KEY_UIApplicationSupportsIndirectInputEvents = YES;
				INFOPLIST_KEY_UILaunchScreen_Generation = YES;
				INFOPLIST_KEY_UISupportedInterfaceOrientations_iPad = "UIInterfaceOrientationPortrait UIInterfaceOrientationPortraitUpsideDown UIInterfaceOrientationLandscapeLeft UIInterfaceOrientationLandscapeRight";
				INFOPLIST_KEY_UISupportedInterfaceOrientations_iPhone = "UIInterfaceOrientationPortrait UIInterfaceOrientationLandscapeLeft UIInterfaceOrientationLandscapeRight";
				LD_RUNPATH_SEARCH_PATHS = (
					"$(inherited)",
					"@executable_path/Frameworks",
				);
				MARKETING_VERSION = 1.0;
				PRODUCT_BUNDLE_IDENTIFIER = com.hackwithrama.HikeApp;
				PRODUCT_NAME = "$(TARGET_NAME)";
				SWIFT_EMIT_LOC_STRINGS = YES;
				SWIFT_VERSION = 5.0;
				TARGETED_DEVICE_FAMILY = "1,2";
			};
			name = Debug;
		};
		21E9EF4D2C2E57F200080B41 /* Release */ = {
			isa = XCBuildConfiguration;
			buildSettings = {
				ASSETCATALOG_COMPILER_APPICON_NAME = AppIcon;
				ASSETCATALOG_COMPILER_GLOBAL_ACCENT_COLOR_NAME = AccentColor;
				CODE_SIGN_STYLE = Automatic;
				CURRENT_PROJECT_VERSION = 1;
				DEVELOPMENT_ASSET_PATHS = "\"HikeApp/Preview Content\"";
				DEVELOPMENT_TEAM = 3FH45K6P9G;
				ENABLE_PREVIEWS = YES;
				GENERATE_INFOPLIST_FILE = YES;
				INFOPLIST_KEY_UIApplicationSceneManifest_Generation = YES;
				INFOPLIST_KEY_UIApplicationSupportsIndirectInputEvents = YES;
				INFOPLIST_KEY_UILaunchScreen_Generation = YES;
				INFOPLIST_KEY_UISupportedInterfaceOrientations_iPad = "UIInterfaceOrientationPortrait UIInterfaceOrientationPortraitUpsideDown UIInterfaceOrientationLandscapeLeft UIInterfaceOrientationLandscapeRight";
				INFOPLIST_KEY_UISupportedInterfaceOrientations_iPhone = "UIInterfaceOrientationPortrait UIInterfaceOrientationLandscapeLeft UIInterfaceOrientationLandscapeRight";
				LD_RUNPATH_SEARCH_PATHS = (
					"$(inherited)",
					"@executable_path/Frameworks",
				);
				MARKETING_VERSION = 1.0;
				PRODUCT_BUNDLE_IDENTIFIER = com.hackwithrama.HikeApp;
				PRODUCT_NAME = "$(TARGET_NAME)";
				SWIFT_EMIT_LOC_STRINGS = YES;
				SWIFT_VERSION = 5.0;
				TARGETED_DEVICE_FAMILY = "1,2";
			};
			name = Release;
		};
/* End XCBuildConfiguration section */

/* Begin XCConfigurationList section */
		21E9EF382C2E57F000080B41 /* Build configuration list for PBXProject "HikeApp" */ = {
			isa = XCConfigurationList;
			buildConfigurations = (
				21E9EF492C2E57F200080B41 /* Debug */,
				21E9EF4A2C2E57F200080B41 /* Release */,
			);
			defaultConfigurationIsVisible = 0;
			defaultConfigurationName = Release;
		};
		21E9EF4B2C2E57F200080B41 /* Build configuration list for PBXNativeTarget "HikeApp" */ = {
			isa = XCConfigurationList;
			buildConfigurations = (
				21E9EF4C2C2E57F200080B41 /* Debug */,
				21E9EF4D2C2E57F200080B41 /* Release */,
			);
			defaultConfigurationIsVisible = 0;
			defaultConfigurationName = Release;
		};
/* End XCConfigurationList section */
	};
	rootObject = 21E9EF352C2E57F000080B41 /* Project object */;
}
